
Microsoft Visual Studio Solution File, Format Version 12.00
# Visual Studio Version 16
VisualStudioVersion = 16.0.31205.134
MinimumVisualStudioVersion = 10.0.40219.1
Project("{FAE04EC0-301F-11D3-BF4B-00C04F79EFBC}") = "WebScraperConsole1", "WebScraperConsole1\WebScraperConsole1.csproj", "{F197C2B3-D616-4853-A6AB-D8C1D39AC2EC}"
EndProject
Global
	GlobalSection(SolutionConfigurationPlatforms) = preSolution
		Debug|Any CPU = Debug|Any CPU
		Release|Any CPU = Release|Any CPU
	EndGlobalSection
	GlobalSection(ProjectConfigurationPlatforms) = postSolution
		{F197C2B3-D616-4853-A6AB-D8C1D39AC2EC}.Debug|Any CPU.ActiveCfg = Debug|Any CPU
		{F197C2B3-D616-4853-A6AB-D8C1D39AC2EC}.Debug|Any CPU.Build.0 = Debug|Any CPU
		{F197C2B3-D616-4853-A6AB-D8C1D39AC2EC}.Release|Any CPU.ActiveCfg = Release|Any CPU
		{F197C2B3-D616-4853-A6AB-D8C1D39AC2EC}.Release|Any CPU.Build.0 = Release|Any CPU
	EndGlobalSection
	GlobalSection(SolutionProperties) = preSolution
		HideSolutionNode = FALSE
	EndGlobalSection
	GlobalSection(ExtensibilityGlobals) = postSolution
		SolutionGuid = {9C84B4B3-5D3C-4C98-BCB4-77AFC1FEF427}
	EndGlobalSection
EndGlobal
